<?xml version="1.0" encoding="utf-8"?>
<Project ToolsVersion="4.0" xmlns="http://schemas.microsoft.com/developer/msbuild/2003">
  <ItemGroup>
    <Filter Include="Header Files">
      <UniqueIdentifier>{bf031bc6-9a7c-4663-97dc-265996405325}</UniqueIdentifier>
      <Extensions>h;hpp;hxx;hm;inl</Extensions>
    </Filter>
    <Filter Include="Source Files">
      <UniqueIdentifier>{0076cedd-1d4f-40b8-813e-d9f07a694821}</UniqueIdentifier>
      <Extensions>cpp;c;cxx;rc;def;r;odl;idl;hpj;bat</Extensions>
    </Filter>
    <Filter Include="Resource Files">
      <UniqueIdentifier>{0cc14b5e-0a89-407a-8473-25c36e897d83}</UniqueIdentifier>
      <Extensions>ico;cur;bmp;dlg;rc2;rct;bin;rgs;gif;jpg;jpeg;jpe</Extensions>
    </Filter>
  </ItemGroup>
  <ItemGroup>
    <CustomBuild Include="pmnetezza_en.res">
      <Filter>Resource Files</Filter>
    </CustomBuild>
    <CustomBuild Include="pmnetezza_ja.res">
      <Filter>Resource Files</Filter>
    </CustomBuild>
    <CustomBuild Include="pmnetezza_PT_BR.res">
      <Filter>Resource Files</Filter>
    </CustomBuild>
    <CustomBuild Include="pmnetezza_ZH.res">
      <Filter>Resource Files</Filter>
    </CustomBuild>
    <CustomBuild Include="pmnetezza_KO.res">
      <Filter>Resource Files</Filter>
    </CustomBuild>
  </ItemGroup>
</Project>